
Microsoft Visual Studio Solution File, Format Version 12.00
# Visual Studio 14
VisualStudioVersion = 14.0.25420.1
MinimumVisualStudioVersion = 10.0.40219.1
Project("{FAE04EC0-301F-11D3-BF4B-00C04F79EFBC}") = "EmployeeManagementApp.Data", "EmployeeManagementApp\EmployeeManagementApp.Data.csproj", "{589EC243-B8C1-441D-AA46-FEB041286FD5}"
EndProject
Project("{FAE04EC0-301F-11D3-BF4B-00C04F79EFBC}") = "PopulateDb", "PopulateDb\PopulateDb.csproj", "{BBC8BC21-5A6B-414C-9B8C-4FD1462C870D}"
EndProject
Project("{FAE04EC0-301F-11D3-BF4B-00C04F79EFBC}") = "EmployeeManagement.Database", "EmployeeManagementApi\EmployeeManagement.Database.csproj", "{FDA5E682-0B78-4FFC-BCDC-DA171B14B1AF}"
EndProject
Project("{FAE04EC0-301F-11D3-BF4B-00C04F79EFBC}") = "EmployeeManagement.Client", "EmployeeManagement.Client\EmployeeManagement.Client.csproj", "{0268028C-B9D0-41BE-97EE-53358D1D42B0}"
EndProject
Project("{FAE04EC0-301F-11D3-BF4B-00C04F79EFBC}") = "EmployeeManagement.NUnitTests", "EmployeeManagement.NUnitTests\EmployeeManagement.NUnitTests.csproj", "{29C59809-F469-4CB3-815A-450BD96371A8}"
EndProject
Project("{2150E333-8FDC-42A3-9474-1A3956D46DE8}") = "Unit Testing", "Unit Testing", "{4FAE9289-5C6D-4F76-9569-F72D186E5C9E}"
EndProject
Project("{2150E333-8FDC-42A3-9474-1A3956D46DE8}") = "Client", "Client", "{F4B3738A-7E13-4571-9F1E-256FA921E331}"
EndProject
Project("{2150E333-8FDC-42A3-9474-1A3956D46DE8}") = "DatabaseApi", "DatabaseApi", "{5E885F46-3CB1-4CCB-A7CD-4FB1851A557F}"
EndProject
Global
	GlobalSection(SolutionConfigurationPlatforms) = preSolution
		Debug|Any CPU = Debug|Any CPU
		Release|Any CPU = Release|Any CPU
	EndGlobalSection
	GlobalSection(ProjectConfigurationPlatforms) = postSolution
		{589EC243-B8C1-441D-AA46-FEB041286FD5}.Debug|Any CPU.ActiveCfg = Debug|Any CPU
		{589EC243-B8C1-441D-AA46-FEB041286FD5}.Debug|Any CPU.Build.0 = Debug|Any CPU
		{589EC243-B8C1-441D-AA46-FEB041286FD5}.Release|Any CPU.ActiveCfg = Release|Any CPU
		{589EC243-B8C1-441D-AA46-FEB041286FD5}.Release|Any CPU.Build.0 = Release|Any CPU
		{BBC8BC21-5A6B-414C-9B8C-4FD1462C870D}.Debug|Any CPU.ActiveCfg = Debug|Any CPU
		{BBC8BC21-5A6B-414C-9B8C-4FD1462C870D}.Debug|Any CPU.Build.0 = Debug|Any CPU
		{BBC8BC21-5A6B-414C-9B8C-4FD1462C870D}.Release|Any CPU.ActiveCfg = Release|Any CPU
		{BBC8BC21-5A6B-414C-9B8C-4FD1462C870D}.Release|Any CPU.Build.0 = Release|Any CPU
		{FDA5E682-0B78-4FFC-BCDC-DA171B14B1AF}.Debug|Any CPU.ActiveCfg = Debug|Any CPU
		{FDA5E682-0B78-4FFC-BCDC-DA171B14B1AF}.Debug|Any CPU.Build.0 = Debug|Any CPU
		{FDA5E682-0B78-4FFC-BCDC-DA171B14B1AF}.Release|Any CPU.ActiveCfg = Release|Any CPU
		{FDA5E682-0B78-4FFC-BCDC-DA171B14B1AF}.Release|Any CPU.Build.0 = Release|Any CPU
		{0268028C-B9D0-41BE-97EE-53358D1D42B0}.Debug|Any CPU.ActiveCfg = Debug|Any CPU
		{0268028C-B9D0-41BE-97EE-53358D1D42B0}.Debug|Any CPU.Build.0 = Debug|Any CPU
		{0268028C-B9D0-41BE-97EE-53358D1D42B0}.Release|Any CPU.ActiveCfg = Release|Any CPU
		{0268028C-B9D0-41BE-97EE-53358D1D42B0}.Release|Any CPU.Build.0 = Release|Any CPU
		{29C59809-F469-4CB3-815A-450BD96371A8}.Debug|Any CPU.ActiveCfg = Debug|Any CPU
		{29C59809-F469-4CB3-815A-450BD96371A8}.Debug|Any CPU.Build.0 = Debug|Any CPU
		{29C59809-F469-4CB3-815A-450BD96371A8}.Release|Any CPU.ActiveCfg = Release|Any CPU
		{29C59809-F469-4CB3-815A-450BD96371A8}.Release|Any CPU.Build.0 = Release|Any CPU
	EndGlobalSection
	GlobalSection(SolutionProperties) = preSolution
		HideSolutionNode = FALSE
	EndGlobalSection
	GlobalSection(NestedProjects) = preSolution
		{FDA5E682-0B78-4FFC-BCDC-DA171B14B1AF} = {5E885F46-3CB1-4CCB-A7CD-4FB1851A557F}
		{0268028C-B9D0-41BE-97EE-53358D1D42B0} = {F4B3738A-7E13-4571-9F1E-256FA921E331}
		{29C59809-F469-4CB3-815A-450BD96371A8} = {4FAE9289-5C6D-4F76-9569-F72D186E5C9E}
	EndGlobalSection
EndGlobal
