
Microsoft Visual Studio Solution File, Format Version 12.00
# Visual Studio 14
VisualStudioVersion = 14.0.25420.1
MinimumVisualStudioVersion = 10.0.40219.1
Project("{FAE04EC0-301F-11D3-BF4B-00C04F79EFBC}") = "EmployeeManagementApp.Data", "EmployeeManagementApp\EmployeeManagementApp.Data.csproj", "{589EC243-B8C1-441D-AA46-FEB041286FD5}"
EndProject
Project("{FAE04EC0-301F-11D3-BF4B-00C04F79EFBC}") = "PopulateDb", "PopulateDb\PopulateDb.csproj", "{BBC8BC21-5A6B-414C-9B8C-4FD1462C870D}"
EndProject
Project("{FAE04EC0-301F-11D3-BF4B-00C04F79EFBC}") = "EmployeeManagement.Database", "EmployeeManagementApi\EmployeeManagement.Database.csproj", "{FDA5E682-0B78-4FFC-BCDC-DA171B14B1AF}"
EndProject
Project("{FAE04EC0-301F-11D3-BF4B-00C04F79EFBC}") = "EmployeeManagement.Client", "EmployeeManagement.Client\EmployeeManagement.Client.csproj", "{C5D3AD4B-FA97-4C26-AFDD-64DE5DA01F70}"
EndProject
Global
	GlobalSection(SolutionConfigurationPlatforms) = preSolution
		Debug|Any CPU = Debug|Any CPU
		Release|Any CPU = Release|Any CPU
	EndGlobalSection
	GlobalSection(ProjectConfigurationPlatforms) = postSolution
		{589EC243-B8C1-441D-AA46-FEB041286FD5}.Debug|Any CPU.ActiveCfg = Debug|Any CPU
		{589EC243-B8C1-441D-AA46-FEB041286FD5}.Debug|Any CPU.Build.0 = Debug|Any CPU
		{589EC243-B8C1-441D-AA46-FEB041286FD5}.Release|Any CPU.ActiveCfg = Release|Any CPU
		{589EC243-B8C1-441D-AA46-FEB041286FD5}.Release|Any CPU.Build.0 = Release|Any CPU
		{BBC8BC21-5A6B-414C-9B8C-4FD1462C870D}.Debug|Any CPU.ActiveCfg = Debug|Any CPU
		{BBC8BC21-5A6B-414C-9B8C-4FD1462C870D}.Debug|Any CPU.Build.0 = Debug|Any CPU
		{BBC8BC21-5A6B-414C-9B8C-4FD1462C870D}.Release|Any CPU.ActiveCfg = Release|Any CPU
		{BBC8BC21-5A6B-414C-9B8C-4FD1462C870D}.Release|Any CPU.Build.0 = Release|Any CPU
		{FDA5E682-0B78-4FFC-BCDC-DA171B14B1AF}.Debug|Any CPU.ActiveCfg = Debug|Any CPU
		{FDA5E682-0B78-4FFC-BCDC-DA171B14B1AF}.Debug|Any CPU.Build.0 = Debug|Any CPU
		{FDA5E682-0B78-4FFC-BCDC-DA171B14B1AF}.Release|Any CPU.ActiveCfg = Release|Any CPU
		{FDA5E682-0B78-4FFC-BCDC-DA171B14B1AF}.Release|Any CPU.Build.0 = Release|Any CPU
		{C5D3AD4B-FA97-4C26-AFDD-64DE5DA01F70}.Debug|Any CPU.ActiveCfg = Debug|Any CPU
		{C5D3AD4B-FA97-4C26-AFDD-64DE5DA01F70}.Debug|Any CPU.Build.0 = Debug|Any CPU
		{C5D3AD4B-FA97-4C26-AFDD-64DE5DA01F70}.Release|Any CPU.ActiveCfg = Release|Any CPU
		{C5D3AD4B-FA97-4C26-AFDD-64DE5DA01F70}.Release|Any CPU.Build.0 = Release|Any CPU
	EndGlobalSection
	GlobalSection(SolutionProperties) = preSolution
		HideSolutionNode = FALSE
	EndGlobalSection
EndGlobal
